
Microsoft Visual Studio Solution File, Format Version 12.00
# Visual Studio Version 17
VisualStudioVersion = 17.2.32616.157
MinimumVisualStudioVersion = 10.0.40219.1
Project("{FAE04EC0-301F-11D3-BF4B-00C04F79EFBC}") = "01.05.2023", "01.05.2023\01.05.2023.csproj", "{5B1712F3-8226-4430-A2C6-30B737601CCF}"
EndProject
Global
	GlobalSection(SolutionConfigurationPlatforms) = preSolution
		Debug|Any CPU = Debug|Any CPU
		Release|Any CPU = Release|Any CPU
	EndGlobalSection
	GlobalSection(ProjectConfigurationPlatforms) = postSolution
		{5B1712F3-8226-4430-A2C6-30B737601CCF}.Debug|Any CPU.ActiveCfg = Debug|Any CPU
		{5B1712F3-8226-4430-A2C6-30B737601CCF}.Debug|Any CPU.Build.0 = Debug|Any CPU
		{5B1712F3-8226-4430-A2C6-30B737601CCF}.Release|Any CPU.ActiveCfg = Release|Any CPU
		{5B1712F3-8226-4430-A2C6-30B737601CCF}.Release|Any CPU.Build.0 = Release|Any CPU
	EndGlobalSection
	GlobalSection(SolutionProperties) = preSolution
		HideSolutionNode = FALSE
	EndGlobalSection
	GlobalSection(ExtensibilityGlobals) = postSolution
		SolutionGuid = {31B6B01F-269B-4A39-818E-1A8FE3BBC480}
	EndGlobalSection
EndGlobal
